// !$*UTF8*$!
{
	archiveVersion = 1;
	classes = {
	};
	objectVersion = 46;
	objects = {

/* Begin PBXBuildFile section */
		B483ECD31C47BB440083072D /* NSAttributedString+Addition.m in Sources */ = {isa = PBXBuildFile; fileRef = B483ECA81C47BB440083072D /* NSAttributedString+Addition.m */; };
		B483ECD41C47BB440083072D /* NSDate+Addition.m in Sources */ = {isa = PBXBuildFile; fileRef = B483ECAA1C47BB440083072D /* NSDate+Addition.m */; };
		B483ECD51C47BB440083072D /* NSDictionary+Addition.m in Sources */ = {isa = PBXBuildFile; fileRef = B483ECAC1C47BB440083072D /* NSDictionary+Addition.m */; };
		B483ECD61C47BB440083072D /* NSNull+Addition.m in Sources */ = {isa = PBXBuildFile; fileRef = B483ECAE1C47BB440083072D /* NSNull+Addition.m */; };
		B483ECD71C47BB440083072D /* NSObject+Addition.m in Sources */ = {isa = PBXBuildFile; fileRef = B483ECB01C47BB440083072D /* NSObject+Addition.m */; };
		B483ECD81C47BB440083072D /* NSString+Addition.m in Sources */ = {isa = PBXBuildFile; fileRef = B483ECB21C47BB440083072D /* NSString+Addition.m */; };
		B483ECD91C47BB440083072D /* UIActionSheet+Block.m in Sources */ = {isa = PBXBuildFile; fileRef = B483ECB41C47BB440083072D /* UIActionSheet+Block.m */; };
		B483ECDA1C47BB440083072D /* UIAlertView+Block.m in Sources */ = {isa = PBXBuildFile; fileRef = B483ECB61C47BB440083072D /* UIAlertView+Block.m */; };
		B483ECDB1C47BB440083072D /* UIButton+Addition.m in Sources */ = {isa = PBXBuildFile; fileRef = B483ECB81C47BB440083072D /* UIButton+Addition.m */; };
		B483ECDC1C47BB440083072D /* UIColor+Addition.m in Sources */ = {isa = PBXBuildFile; fileRef = B483ECBA1C47BB440083072D /* UIColor+Addition.m */; };
		B483ECDD1C47BB440083072D /* UIImage+Addition.m in Sources */ = {isa = PBXBuildFile; fileRef = B483ECBC1C47BB440083072D /* UIImage+Addition.m */; };
		B483ECDE1C47BB440083072D /* UIImageView+LBBlurredImage.m in Sources */ = {isa = PBXBuildFile; fileRef = B483ECBE1C47BB440083072D /* UIImageView+LBBlurredImage.m */; };
		B483ECDF1C47BB440083072D /* UILabel+Addition.m in Sources */ = {isa = PBXBuildFile; fileRef = B483ECC01C47BB440083072D /* UILabel+Addition.m */; };
		B483ECE01C47BB440083072D /* UIScreen+Addition.m in Sources */ = {isa = PBXBuildFile; fileRef = B483ECC21C47BB440083072D /* UIScreen+Addition.m */; };
		B483ECE11C47BB440083072D /* UITextView+Addition.m in Sources */ = {isa = PBXBuildFile; fileRef = B483ECC41C47BB440083072D /* UITextView+Addition.m */; };
		B483ECE21C47BB440083072D /* UIView+Addition.m in Sources */ = {isa = PBXBuildFile; fileRef = B483ECC61C47BB440083072D /* UIView+Addition.m */; };
		B483ECE31C47BB440083072D /* UIViewController+Addition.m in Sources */ = {isa = PBXBuildFile; fileRef = B483ECC81C47BB440083072D /* UIViewController+Addition.m */; };
		B483ECE41C47BB440083072D /* UIWindow+Addition.m in Sources */ = {isa = PBXBuildFile; fileRef = B483ECCA1C47BB440083072D /* UIWindow+Addition.m */; };
		B483ECE51C47BB440083072D /* NNAdmobMediationAdsView.m in Sources */ = {isa = PBXBuildFile; fileRef = B483ECCC1C47BB440083072D /* NNAdmobMediationAdsView.m */; };
		B483ECE61C47BB440083072D /* NNPageControl.m in Sources */ = {isa = PBXBuildFile; fileRef = B483ECCE1C47BB440083072D /* NNPageControl.m */; };
		B483ECE71C47BB440083072D /* NNUtility.m in Sources */ = {isa = PBXBuildFile; fileRef = B483ECD01C47BB440083072D /* NNUtility.m */; };
		B483ECF01C47BCD90083072D /* ScrollViewFrameAccessor.m in Sources */ = {isa = PBXBuildFile; fileRef = B483ECED1C47BCD90083072D /* ScrollViewFrameAccessor.m */; };
		B483ECF11C47BCD90083072D /* ViewFrameAccessor.m in Sources */ = {isa = PBXBuildFile; fileRef = B483ECEF1C47BCD90083072D /* ViewFrameAccessor.m */; };
		B49F07EC1B036F7300FB9ED5 /* main.m in Sources */ = {isa = PBXBuildFile; fileRef = B49F07EB1B036F7300FB9ED5 /* main.m */; };
		B49F07EF1B036F7300FB9ED5 /* AppDelegate.m in Sources */ = {isa = PBXBuildFile; fileRef = B49F07EE1B036F7300FB9ED5 /* AppDelegate.m */; };
		B49F07F21B036F7300FB9ED5 /* ViewController.m in Sources */ = {isa = PBXBuildFile; fileRef = B49F07F11B036F7300FB9ED5 /* ViewController.m */; };
		B49F07F71B036F7300FB9ED5 /* Images.xcassets in Resources */ = {isa = PBXBuildFile; fileRef = B49F07F61B036F7300FB9ED5 /* Images.xcassets */; };
		B49F08061B036F7300FB9ED5 /* TCSPhonics_iosTests.m in Sources */ = {isa = PBXBuildFile; fileRef = B49F08051B036F7300FB9ED5 /* TCSPhonics_iosTests.m */; };
		B49F08131B0370A100FB9ED5 /* TPCollectionViewCell.m in Sources */ = {isa = PBXBuildFile; fileRef = B49F08121B0370A100FB9ED5 /* TPCollectionViewCell.m */; };
		B49F08181B0370EE00FB9ED5 /* TPDataSource.m in Sources */ = {isa = PBXBuildFile; fileRef = B49F08171B0370EE00FB9ED5 /* TPDataSource.m */; };
		B49F081B1B03711400FB9ED5 /* TPCollectDataSource.m in Sources */ = {isa = PBXBuildFile; fileRef = B49F081A1B03711400FB9ED5 /* TPCollectDataSource.m */; };
		B49F08211B05E79900FB9ED5 /* b.m4a in Resources */ = {isa = PBXBuildFile; fileRef = B49F08201B05C92F00FB9ED5 /* b.m4a */; };
		B49F08231B05F0AE00FB9ED5 /* p.m4a in Resources */ = {isa = PBXBuildFile; fileRef = B49F08221B05F0A700FB9ED5 /* p.m4a */; };
		B49F08251B05F1A500FB9ED5 /* m.m4a in Resources */ = {isa = PBXBuildFile; fileRef = B49F08241B05F19E00FB9ED5 /* m.m4a */; };
		B49F08281B05F1CA00FB9ED5 /* f.m4a in Resources */ = {isa = PBXBuildFile; fileRef = B49F08261B05F1B900FB9ED5 /* f.m4a */; };
		B49F08291B05F1CA00FB9ED5 /* d.m4a in Resources */ = {isa = PBXBuildFile; fileRef = B49F08271B05F1C300FB9ED5 /* d.m4a */; };
		B4FA9C271B0DB7F5008208EE /* c.m4a in Resources */ = {isa = PBXBuildFile; fileRef = B4FA9C1F1B0DB7E8008208EE /* c.m4a */; };
		B4FA9C281B0DB7F5008208EE /* g.m4a in Resources */ = {isa = PBXBuildFile; fileRef = B4FA9C201B0DB7E8008208EE /* g.m4a */; };
		B4FA9C291B0DB7F5008208EE /* h.m4a in Resources */ = {isa = PBXBuildFile; fileRef = B4FA9C211B0DB7E8008208EE /* h.m4a */; };
		B4FA9C2A1B0DB7F5008208EE /* ji.m4a in Resources */ = {isa = PBXBuildFile; fileRef = B4FA9C221B0DB7E8008208EE /* ji.m4a */; };
		B4FA9C2B1B0DB7F5008208EE /* k.m4a in Resources */ = {isa = PBXBuildFile; fileRef = B4FA9C231B0DB7E8008208EE /* k.m4a */; };
		B4FA9C2C1B0DB7F5008208EE /* l.m4a in Resources */ = {isa = PBXBuildFile; fileRef = B4FA9C241B0DB7E8008208EE /* l.m4a */; };
		B4FA9C2D1B0DB7F5008208EE /* n.m4a in Resources */ = {isa = PBXBuildFile; fileRef = B4FA9C251B0DB7E8008208EE /* n.m4a */; };
		B4FA9C2E1B0DB7F5008208EE /* s.m4a in Resources */ = {isa = PBXBuildFile; fileRef = B4FA9C261B0DB7E8008208EE /* s.m4a */; };
		B4FA9C2F1B0DB7F5008208EE /* t.m4a in Resources */ = {isa = PBXBuildFile; fileRef = B4FA9C1E1B0DB69B008208EE /* t.m4a */; };
		B4FA9C471B0DBC32008208EE /* a.m4a in Resources */ = {isa = PBXBuildFile; fileRef = B4FA9C301B0DBC28008208EE /* a.m4a */; };
		B4FA9C481B0DBC32008208EE /* ai.m4a in Resources */ = {isa = PBXBuildFile; fileRef = B4FA9C311B0DBC28008208EE /* ai.m4a */; };
		B4FA9C491B0DBC32008208EE /* an.m4a in Resources */ = {isa = PBXBuildFile; fileRef = B4FA9C321B0DBC28008208EE /* an.m4a */; };
		B4FA9C4A1B0DBC32008208EE /* ang.m4a in Resources */ = {isa = PBXBuildFile; fileRef = B4FA9C331B0DBC28008208EE /* ang.m4a */; };
		B4FA9C4B1B0DBC32008208EE /* ao.m4a in Resources */ = {isa = PBXBuildFile; fileRef = B4FA9C341B0DBC28008208EE /* ao.m4a */; };
		B4FA9C4C1B0DBC32008208EE /* chi.m4a in Resources */ = {isa = PBXBuildFile; fileRef = B4FA9C351B0DBC28008208EE /* chi.m4a */; };
		B4FA9C4D1B0DBC32008208EE /* ci.m4a in Resources */ = {isa = PBXBuildFile; fileRef = B4FA9C361B0DBC28008208EE /* ci.m4a */; };
		B4FA9C4E1B0DBC32008208EE /* e.m4a in Resources */ = {isa = PBXBuildFile; fileRef = B4FA9C371B0DBC28008208EE /* e.m4a */; };
		B4FA9C4F1B0DBC32008208EE /* ee.m4a in Resources */ = {isa = PBXBuildFile; fileRef = B4FA9C381B0DBC28008208EE /* ee.m4a */; };
		B4FA9C501B0DBC32008208EE /* ei.m4a in Resources */ = {isa = PBXBuildFile; fileRef = B4FA9C391B0DBC28008208EE /* ei.m4a */; };
		B4FA9C511B0DBC32008208EE /* en.m4a in Resources */ = {isa = PBXBuildFile; fileRef = B4FA9C3A1B0DBC28008208EE /* en.m4a */; };
		B4FA9C521B0DBC32008208EE /* eng.m4a in Resources */ = {isa = PBXBuildFile; fileRef = B4FA9C3B1B0DBC28008208EE /* eng.m4a */; };
		B4FA9C531B0DBC32008208EE /* er.m4a in Resources */ = {isa = PBXBuildFile; fileRef = B4FA9C3C1B0DBC28008208EE /* er.m4a */; };
		B4FA9C541B0DBC32008208EE /* jhi.m4a in Resources */ = {isa = PBXBuildFile; fileRef = B4FA9C3D1B0DBC28008208EE /* jhi.m4a */; };
		B4FA9C551B0DBC32008208EE /* o.m4a in Resources */ = {isa = PBXBuildFile; fileRef = B4FA9C3E1B0DBC28008208EE /* o.m4a */; };
		B4FA9C561B0DBC32008208EE /* ou.m4a in Resources */ = {isa = PBXBuildFile; fileRef = B4FA9C3F1B0DBC28008208EE /* ou.m4a */; };
		B4FA9C571B0DBC32008208EE /* ri.m4a in Resources */ = {isa = PBXBuildFile; fileRef = B4FA9C401B0DBC28008208EE /* ri.m4a */; };
		B4FA9C581B0DBC32008208EE /* shi.m4a in Resources */ = {isa = PBXBuildFile; fileRef = B4FA9C411B0DBC28008208EE /* shi.m4a */; };
		B4FA9C591B0DBC32008208EE /* si.m4a in Resources */ = {isa = PBXBuildFile; fileRef = B4FA9C421B0DBC28008208EE /* si.m4a */; };
		B4FA9C5A1B0DBC32008208EE /* wu.m4a in Resources */ = {isa = PBXBuildFile; fileRef = B4FA9C431B0DBC28008208EE /* wu.m4a */; };
		B4FA9C5B1B0DBC32008208EE /* yi.m4a in Resources */ = {isa = PBXBuildFile; fileRef = B4FA9C441B0DBC28008208EE /* yi.m4a */; };
		B4FA9C5C1B0DBC32008208EE /* yu.m4a in Resources */ = {isa = PBXBuildFile; fileRef = B4FA9C451B0DBC28008208EE /* yu.m4a */; };
		B4FA9C5D1B0DBC32008208EE /* zi.m4a in Resources */ = {isa = PBXBuildFile; fileRef = B4FA9C461B0DBC28008208EE /* zi.m4a */; };
/* End PBXBuildFile section */

/* Begin PBXContainerItemProxy section */
		B49F08001B036F7300FB9ED5 /* PBXContainerItemProxy */ = {
			isa = PBXContainerItemProxy;
			containerPortal = B49F07DE1B036F7300FB9ED5 /* Project object */;
			proxyType = 1;
			remoteGlobalIDString = B49F07E51B036F7300FB9ED5;
			remoteInfo = TCSPhonics_ios;
		};
/* End PBXContainerItemProxy section */

/* Begin PBXFileReference section */
		B483ECA41C47BA050083072D /* TCSPhonicsHeader.pch */ = {isa = PBXFileReference; lastKnownFileType = sourcecode.c.h; path = TCSPhonicsHeader.pch; sourceTree = "<group>"; };
		B483ECA71C47BB440083072D /* NSAttributedString+Addition.h */ = {isa = PBXFileReference; fileEncoding = 4; lastKnownFileType = sourcecode.c.h; path = "NSAttributedString+Addition.h"; sourceTree = "<group>"; };
		B483ECA81C47BB440083072D /* NSAttributedString+Addition.m */ = {isa = PBXFileReference; fileEncoding = 4; lastKnownFileType = sourcecode.c.objc; path = "NSAttributedString+Addition.m"; sourceTree = "<group>"; };
		B483ECA91C47BB440083072D /* NSDate+Addition.h */ = {isa = PBXFileReference; fileEncoding = 4; lastKnownFileType = sourcecode.c.h; path = "NSDate+Addition.h"; sourceTree = "<group>"; };
		B483ECAA1C47BB440083072D /* NSDate+Addition.m */ = {isa = PBXFileReference; fileEncoding = 4; lastKnownFileType = sourcecode.c.objc; path = "NSDate+Addition.m"; sourceTree = "<group>"; };
		B483ECAB1C47BB440083072D /* NSDictionary+Addition.h */ = {isa = PBXFileReference; fileEncoding = 4; lastKnownFileType = sourcecode.c.h; path = "NSDictionary+Addition.h"; sourceTree = "<group>"; };
		B483ECAC1C47BB440083072D /* NSDictionary+Addition.m */ = {isa = PBXFileReference; fileEncoding = 4; lastKnownFileType = sourcecode.c.objc; path = "NSDictionary+Addition.m"; sourceTree = "<group>"; };
		B483ECAD1C47BB440083072D /* NSNull+Addition.h */ = {isa = PBXFileReference; fileEncoding = 4; lastKnownFileType = sourcecode.c.h; path = "NSNull+Addition.h"; sourceTree = "<group>"; };
		B483ECAE1C47BB440083072D /* NSNull+Addition.m */ = {isa = PBXFileReference; fileEncoding = 4; lastKnownFileType = sourcecode.c.objc; path = "NSNull+Addition.m"; sourceTree = "<group>"; };
		B483ECAF1C47BB440083072D /* NSObject+Addition.h */ = {isa = PBXFileReference; fileEncoding = 4; lastKnownFileType = sourcecode.c.h; path = "NSObject+Addition.h"; sourceTree = "<group>"; };
		B483ECB01C47BB440083072D /* NSObject+Addition.m */ = {isa = PBXFileReference; fileEncoding = 4; lastKnownFileType = sourcecode.c.objc; path = "NSObject+Addition.m"; sourceTree = "<group>"; };
		B483ECB11C47BB440083072D /* NSString+Addition.h */ = {isa = PBXFileReference; fileEncoding = 4; lastKnownFileType = sourcecode.c.h; path = "NSString+Addition.h"; sourceTree = "<group>"; };
		B483ECB21C47BB440083072D /* NSString+Addition.m */ = {isa = PBXFileReference; fileEncoding = 4; lastKnownFileType = sourcecode.c.objc; path = "NSString+Addition.m"; sourceTree = "<group>"; };
		B483ECB31C47BB440083072D /* UIActionSheet+Block.h */ = {isa = PBXFileReference; fileEncoding = 4; lastKnownFileType = sourcecode.c.h; path = "UIActionSheet+Block.h"; sourceTree = "<group>"; };
		B483ECB41C47BB440083072D /* UIActionSheet+Block.m */ = {isa = PBXFileReference; fileEncoding = 4; lastKnownFileType = sourcecode.c.objc; path = "UIActionSheet+Block.m"; sourceTree = "<group>"; };
		B483ECB51C47BB440083072D /* UIAlertView+Block.h */ = {isa = PBXFileReference; fileEncoding = 4; lastKnownFileType = sourcecode.c.h; path = "UIAlertView+Block.h"; sourceTree = "<group>"; };
		B483ECB61C47BB440083072D /* UIAlertView+Block.m */ = {isa = PBXFileReference; fileEncoding = 4; lastKnownFileType = sourcecode.c.objc; path = "UIAlertView+Block.m"; sourceTree = "<group>"; };
		B483ECB71C47BB440083072D /* UIButton+Addition.h */ = {isa = PBXFileReference; fileEncoding = 4; lastKnownFileType = sourcecode.c.h; path = "UIButton+Addition.h"; sourceTree = "<group>"; };
		B483ECB81C47BB440083072D /* UIButton+Addition.m */ = {isa = PBXFileReference; fileEncoding = 4; lastKnownFileType = sourcecode.c.objc; path = "UIButton+Addition.m"; sourceTree = "<group>"; };
		B483ECB91C47BB440083072D /* UIColor+Addition.h */ = {isa = PBXFileReference; fileEncoding = 4; lastKnownFileType = sourcecode.c.h; path = "UIColor+Addition.h"; sourceTree = "<group>"; };
		B483ECBA1C47BB440083072D /* UIColor+Addition.m */ = {isa = PBXFileReference; fileEncoding = 4; lastKnownFileType = sourcecode.c.objc; path = "UIColor+Addition.m"; sourceTree = "<group>"; };
		B483ECBB1C47BB440083072D /* UIImage+Addition.h */ = {isa = PBXFileReference; fileEncoding = 4; lastKnownFileType = sourcecode.c.h; path = "UIImage+Addition.h"; sourceTree = "<group>"; };
		B483ECBC1C47BB440083072D /* UIImage+Addition.m */ = {isa = PBXFileReference; fileEncoding = 4; lastKnownFileType = sourcecode.c.objc; path = "UIImage+Addition.m"; sourceTree = "<group>"; };
		B483ECBD1C47BB440083072D /* UIImageView+LBBlurredImage.h */ = {isa = PBXFileReference; fileEncoding = 4; lastKnownFileType = sourcecode.c.h; path = "UIImageView+LBBlurredImage.h"; sourceTree = "<group>"; };
		B483ECBE1C47BB440083072D /* UIImageView+LBBlurredImage.m */ = {isa = PBXFileReference; fileEncoding = 4; lastKnownFileType = sourcecode.c.objc; path = "UIImageView+LBBlurredImage.m"; sourceTree = "<group>"; };
		B483ECBF1C47BB440083072D /* UILabel+Addition.h */ = {isa = PBXFileReference; fileEncoding = 4; lastKnownFileType = sourcecode.c.h; path = "UILabel+Addition.h"; sourceTree = "<group>"; };
		B483ECC01C47BB440083072D /* UILabel+Addition.m */ = {isa = PBXFileReference; fileEncoding = 4; lastKnownFileType = sourcecode.c.objc; path = "UILabel+Addition.m"; sourceTree = "<group>"; };
		B483ECC11C47BB440083072D /* UIScreen+Addition.h */ = {isa = PBXFileReference; fileEncoding = 4; lastKnownFileType = sourcecode.c.h; path = "UIScreen+Addition.h"; sourceTree = "<group>"; };
		B483ECC21C47BB440083072D /* UIScreen+Addition.m */ = {isa = PBXFileReference; fileEncoding = 4; lastKnownFileType = sourcecode.c.objc; path = "UIScreen+Addition.m"; sourceTree = "<group>"; };
		B483ECC31C47BB440083072D /* UITextView+Addition.h */ = {isa = PBXFileReference; fileEncoding = 4; lastKnownFileType = sourcecode.c.h; path = "UITextView+Addition.h"; sourceTree = "<group>"; };
		B483ECC41C47BB440083072D /* UITextView+Addition.m */ = {isa = PBXFileReference; fileEncoding = 4; lastKnownFileType = sourcecode.c.objc; path = "UITextView+Addition.m"; sourceTree = "<group>"; };
		B483ECC51C47BB440083072D /* UIView+Addition.h */ = {isa = PBXFileReference; fileEncoding = 4; lastKnownFileType = sourcecode.c.h; path = "UIView+Addition.h"; sourceTree = "<group>"; };
		B483ECC61C47BB440083072D /* UIView+Addition.m */ = {isa = PBXFileReference; fileEncoding = 4; lastKnownFileType = sourcecode.c.objc; path = "UIView+Addition.m"; sourceTree = "<group>"; };
		B483ECC71C47BB440083072D /* UIViewController+Addition.h */ = {isa = PBXFileReference; fileEncoding = 4; lastKnownFileType = sourcecode.c.h; path = "UIViewController+Addition.h"; sourceTree = "<group>"; };
		B483ECC81C47BB440083072D /* UIViewController+Addition.m */ = {isa = PBXFileReference; fileEncoding = 4; lastKnownFileType = sourcecode.c.objc; path = "UIViewController+Addition.m"; sourceTree = "<group>"; };
		B483ECC91C47BB440083072D /* UIWindow+Addition.h */ = {isa = PBXFileReference; fileEncoding = 4; lastKnownFileType = sourcecode.c.h; path = "UIWindow+Addition.h"; sourceTree = "<group>"; };
		B483ECCA1C47BB440083072D /* UIWindow+Addition.m */ = {isa = PBXFileReference; fileEncoding = 4; lastKnownFileType = sourcecode.c.objc; path = "UIWindow+Addition.m"; sourceTree = "<group>"; };
		B483ECCB1C47BB440083072D /* NNAdmobMediationAdsView.h */ = {isa = PBXFileReference; fileEncoding = 4; lastKnownFileType = sourcecode.c.h; path = NNAdmobMediationAdsView.h; sourceTree = "<group>"; };
		B483ECCC1C47BB440083072D /* NNAdmobMediationAdsView.m */ = {isa = PBXFileReference; fileEncoding = 4; lastKnownFileType = sourcecode.c.objc; path = NNAdmobMediationAdsView.m; sourceTree = "<group>"; };
		B483ECCD1C47BB440083072D /* NNPageControl.h */ = {isa = PBXFileReference; fileEncoding = 4; lastKnownFileType = sourcecode.c.h; path = NNPageControl.h; sourceTree = "<group>"; };
		B483ECCE1C47BB440083072D /* NNPageControl.m */ = {isa = PBXFileReference; fileEncoding = 4; lastKnownFileType = sourcecode.c.objc; path = NNPageControl.m; sourceTree = "<group>"; };
		B483ECCF1C47BB440083072D /* NNUtility.h */ = {isa = PBXFileReference; fileEncoding = 4; lastKnownFileType = sourcecode.c.h; path = NNUtility.h; sourceTree = "<group>"; };
		B483ECD01C47BB440083072D /* NNUtility.m */ = {isa = PBXFileReference; fileEncoding = 4; lastKnownFileType = sourcecode.c.objc; path = NNUtility.m; sourceTree = "<group>"; };
		B483ECE91C47BB930083072D /* Const.h */ = {isa = PBXFileReference; lastKnownFileType = sourcecode.c.h; path = Const.h; sourceTree = "<group>"; };
		B483ECEB1C47BCD90083072D /* FrameAccessor.h */ = {isa = PBXFileReference; fileEncoding = 4; lastKnownFileType = sourcecode.c.h; path = FrameAccessor.h; sourceTree = "<group>"; };
		B483ECEC1C47BCD90083072D /* ScrollViewFrameAccessor.h */ = {isa = PBXFileReference; fileEncoding = 4; lastKnownFileType = sourcecode.c.h; path = ScrollViewFrameAccessor.h; sourceTree = "<group>"; };
		B483ECED1C47BCD90083072D /* ScrollViewFrameAccessor.m */ = {isa = PBXFileReference; fileEncoding = 4; lastKnownFileType = sourcecode.c.objc; path = ScrollViewFrameAccessor.m; sourceTree = "<group>"; };
		B483ECEE1C47BCD90083072D /* ViewFrameAccessor.h */ = {isa = PBXFileReference; fileEncoding = 4; lastKnownFileType = sourcecode.c.h; path = ViewFrameAccessor.h; sourceTree = "<group>"; };
		B483ECEF1C47BCD90083072D /* ViewFrameAccessor.m */ = {isa = PBXFileReference; fileEncoding = 4; lastKnownFileType = sourcecode.c.objc; path = ViewFrameAccessor.m; sourceTree = "<group>"; };
		B49F07E61B036F7300FB9ED5 /* TCSPhonics_ios.app */ = {isa = PBXFileReference; explicitFileType = wrapper.application; includeInIndex = 0; path = TCSPhonics_ios.app; sourceTree = BUILT_PRODUCTS_DIR; };
		B49F07EA1B036F7300FB9ED5 /* Info.plist */ = {isa = PBXFileReference; lastKnownFileType = text.plist.xml; path = Info.plist; sourceTree = "<group>"; };
		B49F07EB1B036F7300FB9ED5 /* main.m */ = {isa = PBXFileReference; lastKnownFileType = sourcecode.c.objc; path = main.m; sourceTree = "<group>"; };
		B49F07ED1B036F7300FB9ED5 /* AppDelegate.h */ = {isa = PBXFileReference; lastKnownFileType = sourcecode.c.h; path = AppDelegate.h; sourceTree = "<group>"; };
		B49F07EE1B036F7300FB9ED5 /* AppDelegate.m */ = {isa = PBXFileReference; lastKnownFileType = sourcecode.c.objc; path = AppDelegate.m; sourceTree = "<group>"; };
		B49F07F01B036F7300FB9ED5 /* ViewController.h */ = {isa = PBXFileReference; lastKnownFileType = sourcecode.c.h; path = ViewController.h; sourceTree = "<group>"; };
		B49F07F11B036F7300FB9ED5 /* ViewController.m */ = {isa = PBXFileReference; lastKnownFileType = sourcecode.c.objc; path = ViewController.m; sourceTree = "<group>"; };
		B49F07F61B036F7300FB9ED5 /* Images.xcassets */ = {isa = PBXFileReference; lastKnownFileType = folder.assetcatalog; path = Images.xcassets; sourceTree = "<group>"; };
		B49F07F91B036F7300FB9ED5 /* Base */ = {isa = PBXFileReference; lastKnownFileType = file.xib; name = Base; path = Base.lproj/LaunchScreen.xib; sourceTree = "<group>"; };
		B49F07FF1B036F7300FB9ED5 /* TCSPhonics_iosTests.xctest */ = {isa = PBXFileReference; explicitFileType = wrapper.cfbundle; includeInIndex = 0; path = TCSPhonics_iosTests.xctest; sourceTree = BUILT_PRODUCTS_DIR; };
		B49F08041B036F7300FB9ED5 /* Info.plist */ = {isa = PBXFileReference; lastKnownFileType = text.plist.xml; path = Info.plist; sourceTree = "<group>"; };
		B49F08051B036F7300FB9ED5 /* TCSPhonics_iosTests.m */ = {isa = PBXFileReference; lastKnownFileType = sourcecode.c.objc; path = TCSPhonics_iosTests.m; sourceTree = "<group>"; };
		B49F08111B0370A100FB9ED5 /* TPCollectionViewCell.h */ = {isa = PBXFileReference; fileEncoding = 4; lastKnownFileType = sourcecode.c.h; path = TPCollectionViewCell.h; sourceTree = "<group>"; };
		B49F08121B0370A100FB9ED5 /* TPCollectionViewCell.m */ = {isa = PBXFileReference; fileEncoding = 4; lastKnownFileType = sourcecode.c.objc; path = TPCollectionViewCell.m; sourceTree = "<group>"; };
		B49F08161B0370EE00FB9ED5 /* TPDataSource.h */ = {isa = PBXFileReference; fileEncoding = 4; lastKnownFileType = sourcecode.c.h; path = TPDataSource.h; sourceTree = "<group>"; };
		B49F08171B0370EE00FB9ED5 /* TPDataSource.m */ = {isa = PBXFileReference; fileEncoding = 4; lastKnownFileType = sourcecode.c.objc; path = TPDataSource.m; sourceTree = "<group>"; };
		B49F08191B03711400FB9ED5 /* TPCollectDataSource.h */ = {isa = PBXFileReference; fileEncoding = 4; lastKnownFileType = sourcecode.c.h; path = TPCollectDataSource.h; sourceTree = "<group>"; };
		B49F081A1B03711400FB9ED5 /* TPCollectDataSource.m */ = {isa = PBXFileReference; fileEncoding = 4; lastKnownFileType = sourcecode.c.objc; path = TPCollectDataSource.m; sourceTree = "<group>"; };
		B49F08201B05C92F00FB9ED5 /* b.m4a */ = {isa = PBXFileReference; lastKnownFileType = file; name = b.m4a; path = sounds/b.m4a; sourceTree = "<group>"; };
		B49F08221B05F0A700FB9ED5 /* p.m4a */ = {isa = PBXFileReference; lastKnownFileType = file; name = p.m4a; path = sounds/p.m4a; sourceTree = "<group>"; };
		B49F08241B05F19E00FB9ED5 /* m.m4a */ = {isa = PBXFileReference; lastKnownFileType = file; name = m.m4a; path = sounds/m.m4a; sourceTree = "<group>"; };
		B49F08261B05F1B900FB9ED5 /* f.m4a */ = {isa = PBXFileReference; lastKnownFileType = file; name = f.m4a; path = sounds/f.m4a; sourceTree = "<group>"; };
		B49F08271B05F1C300FB9ED5 /* d.m4a */ = {isa = PBXFileReference; lastKnownFileType = file; name = d.m4a; path = sounds/d.m4a; sourceTree = "<group>"; };
		B4FA9C1E1B0DB69B008208EE /* t.m4a */ = {isa = PBXFileReference; lastKnownFileType = file; name = t.m4a; path = sounds/t.m4a; sourceTree = "<group>"; };
		B4FA9C1F1B0DB7E8008208EE /* c.m4a */ = {isa = PBXFileReference; lastKnownFileType = file; name = c.m4a; path = sounds/c.m4a; sourceTree = "<group>"; };
		B4FA9C201B0DB7E8008208EE /* g.m4a */ = {isa = PBXFileReference; lastKnownFileType = file; name = g.m4a; path = sounds/g.m4a; sourceTree = "<group>"; };
		B4FA9C211B0DB7E8008208EE /* h.m4a */ = {isa = PBXFileReference; lastKnownFileType = file; name = h.m4a; path = sounds/h.m4a; sourceTree = "<group>"; };
		B4FA9C221B0DB7E8008208EE /* ji.m4a */ = {isa = PBXFileReference; lastKnownFileType = file; name = ji.m4a; path = sounds/ji.m4a; sourceTree = "<group>"; };
		B4FA9C231B0DB7E8008208EE /* k.m4a */ = {isa = PBXFileReference; lastKnownFileType = file; name = k.m4a; path = sounds/k.m4a; sourceTree = "<group>"; };
		B4FA9C241B0DB7E8008208EE /* l.m4a */ = {isa = PBXFileReference; lastKnownFileType = file; name = l.m4a; path = sounds/l.m4a; sourceTree = "<group>"; };
		B4FA9C251B0DB7E8008208EE /* n.m4a */ = {isa = PBXFileReference; lastKnownFileType = file; name = n.m4a; path = sounds/n.m4a; sourceTree = "<group>"; };
		B4FA9C261B0DB7E8008208EE /* s.m4a */ = {isa = PBXFileReference; lastKnownFileType = file; name = s.m4a; path = sounds/s.m4a; sourceTree = "<group>"; };
		B4FA9C301B0DBC28008208EE /* a.m4a */ = {isa = PBXFileReference; lastKnownFileType = file; name = a.m4a; path = sounds/a.m4a; sourceTree = "<group>"; };
		B4FA9C311B0DBC28008208EE /* ai.m4a */ = {isa = PBXFileReference; lastKnownFileType = file; name = ai.m4a; path = sounds/ai.m4a; sourceTree = "<group>"; };
		B4FA9C321B0DBC28008208EE /* an.m4a */ = {isa = PBXFileReference; lastKnownFileType = file; name = an.m4a; path = sounds/an.m4a; sourceTree = "<group>"; };
		B4FA9C331B0DBC28008208EE /* ang.m4a */ = {isa = PBXFileReference; lastKnownFileType = file; name = ang.m4a; path = sounds/ang.m4a; sourceTree = "<group>"; };
		B4FA9C341B0DBC28008208EE /* ao.m4a */ = {isa = PBXFileReference; lastKnownFileType = file; name = ao.m4a; path = sounds/ao.m4a; sourceTree = "<group>"; };
		B4FA9C351B0DBC28008208EE /* chi.m4a */ = {isa = PBXFileReference; lastKnownFileType = file; name = chi.m4a; path = sounds/chi.m4a; sourceTree = "<group>"; };
		B4FA9C361B0DBC28008208EE /* ci.m4a */ = {isa = PBXFileReference; lastKnownFileType = file; name = ci.m4a; path = sounds/ci.m4a; sourceTree = "<group>"; };
		B4FA9C371B0DBC28008208EE /* e.m4a */ = {isa = PBXFileReference; lastKnownFileType = file; name = e.m4a; path = sounds/e.m4a; sourceTree = "<group>"; };
		B4FA9C381B0DBC28008208EE /* ee.m4a */ = {isa = PBXFileReference; lastKnownFileType = file; name = ee.m4a; path = sounds/ee.m4a; sourceTree = "<group>"; };
		B4FA9C391B0DBC28008208EE /* ei.m4a */ = {isa = PBXFileReference; lastKnownFileType = file; name = ei.m4a; path = sounds/ei.m4a; sourceTree = "<group>"; };
		B4FA9C3A1B0DBC28008208EE /* en.m4a */ = {isa = PBXFileReference; lastKnownFileType = file; name = en.m4a; path = sounds/en.m4a; sourceTree = "<group>"; };
		B4FA9C3B1B0DBC28008208EE /* eng.m4a */ = {isa = PBXFileReference; lastKnownFileType = file; name = eng.m4a; path = sounds/eng.m4a; sourceTree = "<group>"; };
		B4FA9C3C1B0DBC28008208EE /* er.m4a */ = {isa = PBXFileReference; lastKnownFileType = file; name = er.m4a; path = sounds/er.m4a; sourceTree = "<group>"; };
		B4FA9C3D1B0DBC28008208EE /* jhi.m4a */ = {isa = PBXFileReference; lastKnownFileType = file; name = jhi.m4a; path = sounds/jhi.m4a; sourceTree = "<group>"; };
		B4FA9C3E1B0DBC28008208EE /* o.m4a */ = {isa = PBXFileReference; lastKnownFileType = file; name = o.m4a; path = sounds/o.m4a; sourceTree = "<group>"; };
		B4FA9C3F1B0DBC28008208EE /* ou.m4a */ = {isa = PBXFileReference; lastKnownFileType = file; name = ou.m4a; path = sounds/ou.m4a; sourceTree = "<group>"; };
		B4FA9C401B0DBC28008208EE /* ri.m4a */ = {isa = PBXFileReference; lastKnownFileType = file; name = ri.m4a; path = sounds/ri.m4a; sourceTree = "<group>"; };
		B4FA9C411B0DBC28008208EE /* shi.m4a */ = {isa = PBXFileReference; lastKnownFileType = file; name = shi.m4a; path = sounds/shi.m4a; sourceTree = "<group>"; };
		B4FA9C421B0DBC28008208EE /* si.m4a */ = {isa = PBXFileReference; lastKnownFileType = file; name = si.m4a; path = sounds/si.m4a; sourceTree = "<group>"; };
		B4FA9C431B0DBC28008208EE /* wu.m4a */ = {isa = PBXFileReference; lastKnownFileType = file; name = wu.m4a; path = sounds/wu.m4a; sourceTree = "<group>"; };
		B4FA9C441B0DBC28008208EE /* yi.m4a */ = {isa = PBXFileReference; lastKnownFileType = file; name = yi.m4a; path = sounds/yi.m4a; sourceTree = "<group>"; };
		B4FA9C451B0DBC28008208EE /* yu.m4a */ = {isa = PBXFileReference; lastKnownFileType = file; name = yu.m4a; path = sounds/yu.m4a; sourceTree = "<group>"; };
		B4FA9C461B0DBC28008208EE /* zi.m4a */ = {isa = PBXFileReference; lastKnownFileType = file; name = zi.m4a; path = sounds/zi.m4a; sourceTree = "<group>"; };
/* End PBXFileReference section */

/* Begin PBXFrameworksBuildPhase section */
		B49F07E31B036F7300FB9ED5 /* Frameworks */ = {
			isa = PBXFrameworksBuildPhase;
			buildActionMask = 2147483647;
			files = (
			);
			runOnlyForDeploymentPostprocessing = 0;
		};
		B49F07FC1B036F7300FB9ED5 /* Frameworks */ = {
			isa = PBXFrameworksBuildPhase;
			buildActionMask = 2147483647;
			files = (
			);
			runOnlyForDeploymentPostprocessing = 0;
		};
/* End PBXFrameworksBuildPhase section */

/* Begin PBXGroup section */
		B483ECA51C47BB440083072D /* NNKit */ = {
			isa = PBXGroup;
			children = (
				B483ECE91C47BB930083072D /* Const.h */,
				B483ECA61C47BB440083072D /* Category */,
				B483ECCB1C47BB440083072D /* NNAdmobMediationAdsView.h */,
				B483ECCC1C47BB440083072D /* NNAdmobMediationAdsView.m */,
				B483ECCD1C47BB440083072D /* NNPageControl.h */,
				B483ECCE1C47BB440083072D /* NNPageControl.m */,
				B483ECCF1C47BB440083072D /* NNUtility.h */,
				B483ECD01C47BB440083072D /* NNUtility.m */,
			);
			name = NNKit;
			path = ../../../money/Car/Utitlity/NNKit;
			sourceTree = "<group>";
		};
		B483ECA61C47BB440083072D /* Category */ = {
			isa = PBXGroup;
			children = (
				B483ECA71C47BB440083072D /* NSAttributedString+Addition.h */,
				B483ECA81C47BB440083072D /* NSAttributedString+Addition.m */,
				B483ECA91C47BB440083072D /* NSDate+Addition.h */,
				B483ECAA1C47BB440083072D /* NSDate+Addition.m */,
				B483ECAB1C47BB440083072D /* NSDictionary+Addition.h */,
				B483ECAC1C47BB440083072D /* NSDictionary+Addition.m */,
				B483ECAD1C47BB440083072D /* NSNull+Addition.h */,
				B483ECAE1C47BB440083072D /* NSNull+Addition.m */,
				B483ECAF1C47BB440083072D /* NSObject+Addition.h */,
				B483ECB01C47BB440083072D /* NSObject+Addition.m */,
				B483ECB11C47BB440083072D /* NSString+Addition.h */,
				B483ECB21C47BB440083072D /* NSString+Addition.m */,
				B483ECB31C47BB440083072D /* UIActionSheet+Block.h */,
				B483ECB41C47BB440083072D /* UIActionSheet+Block.m */,
				B483ECB51C47BB440083072D /* UIAlertView+Block.h */,
				B483ECB61C47BB440083072D /* UIAlertView+Block.m */,
				B483ECB71C47BB440083072D /* UIButton+Addition.h */,
				B483ECB81C47BB440083072D /* UIButton+Addition.m */,
				B483ECB91C47BB440083072D /* UIColor+Addition.h */,
				B483ECBA1C47BB440083072D /* UIColor+Addition.m */,
				B483ECBB1C47BB440083072D /* UIImage+Addition.h */,
				B483ECBC1C47BB440083072D /* UIImage+Addition.m */,
				B483ECBD1C47BB440083072D /* UIImageView+LBBlurredImage.h */,
				B483ECBE1C47BB440083072D /* UIImageView+LBBlurredImage.m */,
				B483ECBF1C47BB440083072D /* UILabel+Addition.h */,
				B483ECC01C47BB440083072D /* UILabel+Addition.m */,
				B483ECC11C47BB440083072D /* UIScreen+Addition.h */,
				B483ECC21C47BB440083072D /* UIScreen+Addition.m */,
				B483ECC31C47BB440083072D /* UITextView+Addition.h */,
				B483ECC41C47BB440083072D /* UITextView+Addition.m */,
				B483ECC51C47BB440083072D /* UIView+Addition.h */,
				B483ECC61C47BB440083072D /* UIView+Addition.m */,
				B483ECC71C47BB440083072D /* UIViewController+Addition.h */,
				B483ECC81C47BB440083072D /* UIViewController+Addition.m */,
				B483ECC91C47BB440083072D /* UIWindow+Addition.h */,
				B483ECCA1C47BB440083072D /* UIWindow+Addition.m */,
			);
			path = Category;
			sourceTree = "<group>";
		};
		B483ECEA1C47BCD90083072D /* FrameAccessor */ = {
			isa = PBXGroup;
			children = (
				B483ECEB1C47BCD90083072D /* FrameAccessor.h */,
				B483ECEC1C47BCD90083072D /* ScrollViewFrameAccessor.h */,
				B483ECED1C47BCD90083072D /* ScrollViewFrameAccessor.m */,
				B483ECEE1C47BCD90083072D /* ViewFrameAccessor.h */,
				B483ECEF1C47BCD90083072D /* ViewFrameAccessor.m */,
			);
			name = FrameAccessor;
			path = ../../../money/Car/Vender/FrameAccessor;
			sourceTree = "<group>";
		};
		B483ECF21C47BCE50083072D /* Vender */ = {
			isa = PBXGroup;
			children = (
				B483ECEA1C47BCD90083072D /* FrameAccessor */,
			);
			name = Vender;
			sourceTree = "<group>";
		};
		B49F07DD1B036F7300FB9ED5 = {
			isa = PBXGroup;
			children = (
				B49F07E81B036F7300FB9ED5 /* TCSPhonics_ios */,
				B49F08021B036F7300FB9ED5 /* TCSPhonics_iosTests */,
				B49F07E71B036F7300FB9ED5 /* Products */,
			);
			sourceTree = "<group>";
		};
		B49F07E71B036F7300FB9ED5 /* Products */ = {
			isa = PBXGroup;
			children = (
				B49F07E61B036F7300FB9ED5 /* TCSPhonics_ios.app */,
				B49F07FF1B036F7300FB9ED5 /* TCSPhonics_iosTests.xctest */,
			);
			name = Products;
			sourceTree = "<group>";
		};
		B49F07E81B036F7300FB9ED5 /* TCSPhonics_ios */ = {
			isa = PBXGroup;
			children = (
				B483ECF21C47BCE50083072D /* Vender */,
				B483ECA51C47BB440083072D /* NNKit */,
				B49F081F1B05C92400FB9ED5 /* sounds */,
				B49F08151B0370D400FB9ED5 /* common */,
				B49F08141B0370BD00FB9ED5 /* model */,
				B49F08101B03707500FB9ED5 /* view */,
				B49F080F1B03706300FB9ED5 /* controller */,
				B49F07ED1B036F7300FB9ED5 /* AppDelegate.h */,
				B49F07EE1B036F7300FB9ED5 /* AppDelegate.m */,
				B49F07F61B036F7300FB9ED5 /* Images.xcassets */,
				B49F07F81B036F7300FB9ED5 /* LaunchScreen.xib */,
				B49F07E91B036F7300FB9ED5 /* Supporting Files */,
			);
			path = TCSPhonics_ios;
			sourceTree = "<group>";
		};
		B49F07E91B036F7300FB9ED5 /* Supporting Files */ = {
			isa = PBXGroup;
			children = (
				B49F07EA1B036F7300FB9ED5 /* Info.plist */,
				B483ECA41C47BA050083072D /* TCSPhonicsHeader.pch */,
				B49F07EB1B036F7300FB9ED5 /* main.m */,
			);
			name = "Supporting Files";
			sourceTree = "<group>";
		};
		B49F08021B036F7300FB9ED5 /* TCSPhonics_iosTests */ = {
			isa = PBXGroup;
			children = (
				B49F08051B036F7300FB9ED5 /* TCSPhonics_iosTests.m */,
				B49F08031B036F7300FB9ED5 /* Supporting Files */,
			);
			path = TCSPhonics_iosTests;
			sourceTree = "<group>";
		};
		B49F08031B036F7300FB9ED5 /* Supporting Files */ = {
			isa = PBXGroup;
			children = (
				B49F08041B036F7300FB9ED5 /* Info.plist */,
			);
			name = "Supporting Files";
			sourceTree = "<group>";
		};
		B49F080F1B03706300FB9ED5 /* controller */ = {
			isa = PBXGroup;
			children = (
				B49F07F01B036F7300FB9ED5 /* ViewController.h */,
				B49F07F11B036F7300FB9ED5 /* ViewController.m */,
			);
			name = controller;
			sourceTree = "<group>";
		};
		B49F08101B03707500FB9ED5 /* view */ = {
			isa = PBXGroup;
			children = (
				B49F08111B0370A100FB9ED5 /* TPCollectionViewCell.h */,
				B49F08121B0370A100FB9ED5 /* TPCollectionViewCell.m */,
			);
			name = view;
			sourceTree = "<group>";
		};
		B49F08141B0370BD00FB9ED5 /* model */ = {
			isa = PBXGroup;
			children = (
				B49F08191B03711400FB9ED5 /* TPCollectDataSource.h */,
				B49F081A1B03711400FB9ED5 /* TPCollectDataSource.m */,
			);
			name = model;
			sourceTree = "<group>";
		};
		B49F08151B0370D400FB9ED5 /* common */ = {
			isa = PBXGroup;
			children = (
				B49F08161B0370EE00FB9ED5 /* TPDataSource.h */,
				B49F08171B0370EE00FB9ED5 /* TPDataSource.m */,
			);
			name = common;
			sourceTree = "<group>";
		};
		B49F081F1B05C92400FB9ED5 /* sounds */ = {
			isa = PBXGroup;
			children = (
				B4FA9C301B0DBC28008208EE /* a.m4a */,
				B4FA9C311B0DBC28008208EE /* ai.m4a */,
				B4FA9C321B0DBC28008208EE /* an.m4a */,
				B4FA9C331B0DBC28008208EE /* ang.m4a */,
				B4FA9C341B0DBC28008208EE /* ao.m4a */,
				B4FA9C351B0DBC28008208EE /* chi.m4a */,
				B4FA9C361B0DBC28008208EE /* ci.m4a */,
				B4FA9C371B0DBC28008208EE /* e.m4a */,
				B4FA9C381B0DBC28008208EE /* ee.m4a */,
				B4FA9C391B0DBC28008208EE /* ei.m4a */,
				B4FA9C3A1B0DBC28008208EE /* en.m4a */,
				B4FA9C3B1B0DBC28008208EE /* eng.m4a */,
				B4FA9C3C1B0DBC28008208EE /* er.m4a */,
				B4FA9C3D1B0DBC28008208EE /* jhi.m4a */,
				B4FA9C3E1B0DBC28008208EE /* o.m4a */,
				B4FA9C3F1B0DBC28008208EE /* ou.m4a */,
				B4FA9C401B0DBC28008208EE /* ri.m4a */,
				B4FA9C411B0DBC28008208EE /* shi.m4a */,
				B4FA9C421B0DBC28008208EE /* si.m4a */,
				B4FA9C431B0DBC28008208EE /* wu.m4a */,
				B4FA9C441B0DBC28008208EE /* yi.m4a */,
				B4FA9C451B0DBC28008208EE /* yu.m4a */,
				B4FA9C461B0DBC28008208EE /* zi.m4a */,
				B4FA9C1F1B0DB7E8008208EE /* c.m4a */,
				B4FA9C201B0DB7E8008208EE /* g.m4a */,
				B4FA9C211B0DB7E8008208EE /* h.m4a */,
				B4FA9C221B0DB7E8008208EE /* ji.m4a */,
				B4FA9C231B0DB7E8008208EE /* k.m4a */,
				B4FA9C241B0DB7E8008208EE /* l.m4a */,
				B4FA9C251B0DB7E8008208EE /* n.m4a */,
				B4FA9C261B0DB7E8008208EE /* s.m4a */,
				B4FA9C1E1B0DB69B008208EE /* t.m4a */,
				B49F08201B05C92F00FB9ED5 /* b.m4a */,
				B49F08221B05F0A700FB9ED5 /* p.m4a */,
				B49F08241B05F19E00FB9ED5 /* m.m4a */,
				B49F08261B05F1B900FB9ED5 /* f.m4a */,
				B49F08271B05F1C300FB9ED5 /* d.m4a */,
			);
			name = sounds;
			sourceTree = "<group>";
		};
/* End PBXGroup section */

/* Begin PBXNativeTarget section */
		B49F07E51B036F7300FB9ED5 /* TCSPhonics_ios */ = {
			isa = PBXNativeTarget;
			buildConfigurationList = B49F08091B036F7300FB9ED5 /* Build configuration list for PBXNativeTarget "TCSPhonics_ios" */;
			buildPhases = (
				B49F07E21B036F7300FB9ED5 /* Sources */,
				B49F07E31B036F7300FB9ED5 /* Frameworks */,
				B49F07E41B036F7300FB9ED5 /* Resources */,
			);
			buildRules = (
			);
			dependencies = (
			);
			name = TCSPhonics_ios;
			productName = TCSPhonics_ios;
			productReference = B49F07E61B036F7300FB9ED5 /* TCSPhonics_ios.app */;
			productType = "com.apple.product-type.application";
		};
		B49F07FE1B036F7300FB9ED5 /* TCSPhonics_iosTests */ = {
			isa = PBXNativeTarget;
			buildConfigurationList = B49F080C1B036F7300FB9ED5 /* Build configuration list for PBXNativeTarget "TCSPhonics_iosTests" */;
			buildPhases = (
				B49F07FB1B036F7300FB9ED5 /* Sources */,
				B49F07FC1B036F7300FB9ED5 /* Frameworks */,
				B49F07FD1B036F7300FB9ED5 /* Resources */,
			);
			buildRules = (
			);
			dependencies = (
				B49F08011B036F7300FB9ED5 /* PBXTargetDependency */,
			);
			name = TCSPhonics_iosTests;
			productName = TCSPhonics_iosTests;
			productReference = B49F07FF1B036F7300FB9ED5 /* TCSPhonics_iosTests.xctest */;
			productType = "com.apple.product-type.bundle.unit-test";
		};
/* End PBXNativeTarget section */

/* Begin PBXProject section */
		B49F07DE1B036F7300FB9ED5 /* Project object */ = {
			isa = PBXProject;
			attributes = {
				LastUpgradeCheck = 0630;
				ORGANIZATIONNAME = alice;
				TargetAttributes = {
					B49F07E51B036F7300FB9ED5 = {
						CreatedOnToolsVersion = 6.3;
						DevelopmentTeam = D53JCSVS3C;
					};
					B49F07FE1B036F7300FB9ED5 = {
						CreatedOnToolsVersion = 6.3;
						TestTargetID = B49F07E51B036F7300FB9ED5;
					};
				};
			};
			buildConfigurationList = B49F07E11B036F7300FB9ED5 /* Build configuration list for PBXProject "TCSPhonics_ios" */;
			compatibilityVersion = "Xcode 3.2";
			developmentRegion = English;
			hasScannedForEncodings = 0;
			knownRegions = (
				en,
				Base,
			);
			mainGroup = B49F07DD1B036F7300FB9ED5;
			productRefGroup = B49F07E71B036F7300FB9ED5 /* Products */;
			projectDirPath = "";
			projectRoot = "";
			targets = (
				B49F07E51B036F7300FB9ED5 /* TCSPhonics_ios */,
				B49F07FE1B036F7300FB9ED5 /* TCSPhonics_iosTests */,
			);
		};
/* End PBXProject section */

/* Begin PBXResourcesBuildPhase section */
		B49F07E41B036F7300FB9ED5 /* Resources */ = {
			isa = PBXResourcesBuildPhase;
			buildActionMask = 2147483647;
			files = (
				B4FA9C471B0DBC32008208EE /* a.m4a in Resources */,
				B4FA9C481B0DBC32008208EE /* ai.m4a in Resources */,
				B4FA9C491B0DBC32008208EE /* an.m4a in Resources */,
				B4FA9C4A1B0DBC32008208EE /* ang.m4a in Resources */,
				B4FA9C4B1B0DBC32008208EE /* ao.m4a in Resources */,
				B4FA9C4C1B0DBC32008208EE /* chi.m4a in Resources */,
				B4FA9C4D1B0DBC32008208EE /* ci.m4a in Resources */,
				B4FA9C4E1B0DBC32008208EE /* e.m4a in Resources */,
				B4FA9C4F1B0DBC32008208EE /* ee.m4a in Resources */,
				B4FA9C501B0DBC32008208EE /* ei.m4a in Resources */,
				B4FA9C511B0DBC32008208EE /* en.m4a in Resources */,
				B4FA9C521B0DBC32008208EE /* eng.m4a in Resources */,
				B4FA9C531B0DBC32008208EE /* er.m4a in Resources */,
				B4FA9C541B0DBC32008208EE /* jhi.m4a in Resources */,
				B4FA9C551B0DBC32008208EE /* o.m4a in Resources */,
				B4FA9C561B0DBC32008208EE /* ou.m4a in Resources */,
				B4FA9C571B0DBC32008208EE /* ri.m4a in Resources */,
				B4FA9C581B0DBC32008208EE /* shi.m4a in Resources */,
				B4FA9C591B0DBC32008208EE /* si.m4a in Resources */,
				B4FA9C5A1B0DBC32008208EE /* wu.m4a in Resources */,
				B4FA9C5B1B0DBC32008208EE /* yi.m4a in Resources */,
				B4FA9C5C1B0DBC32008208EE /* yu.m4a in Resources */,
				B4FA9C5D1B0DBC32008208EE /* zi.m4a in Resources */,
				B4FA9C271B0DB7F5008208EE /* c.m4a in Resources */,
				B4FA9C281B0DB7F5008208EE /* g.m4a in Resources */,
				B4FA9C291B0DB7F5008208EE /* h.m4a in Resources */,
				B4FA9C2A1B0DB7F5008208EE /* ji.m4a in Resources */,
				B4FA9C2B1B0DB7F5008208EE /* k.m4a in Resources */,
				B4FA9C2C1B0DB7F5008208EE /* l.m4a in Resources */,
				B4FA9C2D1B0DB7F5008208EE /* n.m4a in Resources */,
				B4FA9C2E1B0DB7F5008208EE /* s.m4a in Resources */,
				B4FA9C2F1B0DB7F5008208EE /* t.m4a in Resources */,
				B49F08281B05F1CA00FB9ED5 /* f.m4a in Resources */,
				B49F08291B05F1CA00FB9ED5 /* d.m4a in Resources */,
				B49F08251B05F1A500FB9ED5 /* m.m4a in Resources */,
				B49F08231B05F0AE00FB9ED5 /* p.m4a in Resources */,
				B49F08211B05E79900FB9ED5 /* b.m4a in Resources */,
				B49F07F71B036F7300FB9ED5 /* Images.xcassets in Resources */,
			);
			runOnlyForDeploymentPostprocessing = 0;
		};
		B49F07FD1B036F7300FB9ED5 /* Resources */ = {
			isa = PBXResourcesBuildPhase;
			buildActionMask = 2147483647;
			files = (
			);
			runOnlyForDeploymentPostprocessing = 0;
		};
/* End PBXResourcesBuildPhase section */

/* Begin PBXSourcesBuildPhase section */
		B49F07E21B036F7300FB9ED5 /* Sources */ = {
			isa = PBXSourcesBuildPhase;
			buildActionMask = 2147483647;
			files = (
				B483ECE21C47BB440083072D /* UIView+Addition.m in Sources */,
				B483ECD31C47BB440083072D /* NSAttributedString+Addition.m in Sources */,
				B483ECDC1C47BB440083072D /* UIColor+Addition.m in Sources */,
				B483ECF11C47BCD90083072D /* ViewFrameAccessor.m in Sources */,
				B483ECD81C47BB440083072D /* NSString+Addition.m in Sources */,
				B49F08131B0370A100FB9ED5 /* TPCollectionViewCell.m in Sources */,
				B483ECD41C47BB440083072D /* NSDate+Addition.m in Sources */,
				B483ECD61C47BB440083072D /* NSNull+Addition.m in Sources */,
				B483ECD51C47BB440083072D /* NSDictionary+Addition.m in Sources */,
				B483ECDF1C47BB440083072D /* UILabel+Addition.m in Sources */,
				B483ECE71C47BB440083072D /* NNUtility.m in Sources */,
				B483ECD91C47BB440083072D /* UIActionSheet+Block.m in Sources */,
				B483ECE31C47BB440083072D /* UIViewController+Addition.m in Sources */,
				B483ECDA1C47BB440083072D /* UIAlertView+Block.m in Sources */,
				B49F081B1B03711400FB9ED5 /* TPCollectDataSource.m in Sources */,
				B49F07F21B036F7300FB9ED5 /* ViewController.m in Sources */,
				B483ECE11C47BB440083072D /* UITextView+Addition.m in Sources */,
				B49F07EF1B036F7300FB9ED5 /* AppDelegate.m in Sources */,
				B49F07EC1B036F7300FB9ED5 /* main.m in Sources */,
				B483ECD71C47BB440083072D /* NSObject+Addition.m in Sources */,
				B483ECE61C47BB440083072D /* NNPageControl.m in Sources */,
				B483ECF01C47BCD90083072D /* ScrollViewFrameAccessor.m in Sources */,
				B49F08181B0370EE00FB9ED5 /* TPDataSource.m in Sources */,
				B483ECE51C47BB440083072D /* NNAdmobMediationAdsView.m in Sources */,
				B483ECE41C47BB440083072D /* UIWindow+Addition.m in Sources */,
				B483ECDE1C47BB440083072D /* UIImageView+LBBlurredImage.m in Sources */,
				B483ECDB1C47BB440083072D /* UIButton+Addition.m in Sources */,
				B483ECDD1C47BB440083072D /* UIImage+Addition.m in Sources */,
				B483ECE01C47BB440083072D /* UIScreen+Addition.m in Sources */,
			);
			runOnlyForDeploymentPostprocessing = 0;
		};
		B49F07FB1B036F7300FB9ED5 /* Sources */ = {
			isa = PBXSourcesBuildPhase;
			buildActionMask = 2147483647;
			files = (
				B49F08061B036F7300FB9ED5 /* TCSPhonics_iosTests.m in Sources */,
			);
			runOnlyForDeploymentPostprocessing = 0;
		};
/* End PBXSourcesBuildPhase section */

/* Begin PBXTargetDependency section */
		B49F08011B036F7300FB9ED5 /* PBXTargetDependency */ = {
			isa = PBXTargetDependency;
			target = B49F07E51B036F7300FB9ED5 /* TCSPhonics_ios */;
			targetProxy = B49F08001B036F7300FB9ED5 /* PBXContainerItemProxy */;
		};
/* End PBXTargetDependency section */

/* Begin PBXVariantGroup section */
		B49F07F81B036F7300FB9ED5 /* LaunchScreen.xib */ = {
			isa = PBXVariantGroup;
			children = (
				B49F07F91B036F7300FB9ED5 /* Base */,
			);
			name = LaunchScreen.xib;
			sourceTree = "<group>";
		};
/* End PBXVariantGroup section */

/* Begin XCBuildConfiguration section */
		B49F08071B036F7300FB9ED5 /* Debug */ = {
			isa = XCBuildConfiguration;
			buildSettings = {
				ALWAYS_SEARCH_USER_PATHS = NO;
				CLANG_CXX_LANGUAGE_STANDARD = "gnu++0x";
				CLANG_CXX_LIBRARY = "libc++";
				CLANG_ENABLE_MODULES = YES;
				CLANG_ENABLE_OBJC_ARC = YES;
				CLANG_WARN_BOOL_CONVERSION = YES;
				CLANG_WARN_CONSTANT_CONVERSION = YES;
				CLANG_WARN_DIRECT_OBJC_ISA_USAGE = YES_ERROR;
				CLANG_WARN_EMPTY_BODY = YES;
				CLANG_WARN_ENUM_CONVERSION = YES;
				CLANG_WARN_INT_CONVERSION = YES;
				CLANG_WARN_OBJC_ROOT_CLASS = YES_ERROR;
				CLANG_WARN_UNREACHABLE_CODE = YES;
				CLANG_WARN__DUPLICATE_METHOD_MATCH = YES;
				"CODE_SIGN_IDENTITY[sdk=iphoneos*]" = "iPhone Developer";
				COPY_PHASE_STRIP = NO;
				DEBUG_INFORMATION_FORMAT = dwarf;
				ENABLE_STRICT_OBJC_MSGSEND = YES;
				GCC_C_LANGUAGE_STANDARD = gnu99;
				GCC_DYNAMIC_NO_PIC = NO;
				GCC_NO_COMMON_BLOCKS = YES;
				GCC_OPTIMIZATION_LEVEL = 0;
				GCC_PREPROCESSOR_DEFINITIONS = (
					"DEBUG=1",
					"$(inherited)",
				);
				GCC_SYMBOLS_PRIVATE_EXTERN = NO;
				GCC_WARN_64_TO_32_BIT_CONVERSION = YES;
				GCC_WARN_ABOUT_RETURN_TYPE = YES_ERROR;
				GCC_WARN_UNDECLARED_SELECTOR = YES;
				GCC_WARN_UNINITIALIZED_AUTOS = YES_AGGRESSIVE;
				GCC_WARN_UNUSED_FUNCTION = YES;
				GCC_WARN_UNUSED_VARIABLE = YES;
				IPHONEOS_DEPLOYMENT_TARGET = 8.3;
				MTL_ENABLE_DEBUG_INFO = YES;
				ONLY_ACTIVE_ARCH = YES;
				SDKROOT = iphoneos;
				TARGETED_DEVICE_FAMILY = "1,2";
			};
			name = Debug;
		};
		B49F08081B036F7300FB9ED5 /* Release */ = {
			isa = XCBuildConfiguration;
			buildSettings = {
				ALWAYS_SEARCH_USER_PATHS = NO;
				CLANG_CXX_LANGUAGE_STANDARD = "gnu++0x";
				CLANG_CXX_LIBRARY = "libc++";
				CLANG_ENABLE_MODULES = YES;
				CLANG_ENABLE_OBJC_ARC = YES;
				CLANG_WARN_BOOL_CONVERSION = YES;
				CLANG_WARN_CONSTANT_CONVERSION = YES;
				CLANG_WARN_DIRECT_OBJC_ISA_USAGE = YES_ERROR;
				CLANG_WARN_EMPTY_BODY = YES;
				CLANG_WARN_ENUM_CONVERSION = YES;
				CLANG_WARN_INT_CONVERSION = YES;
				CLANG_WARN_OBJC_ROOT_CLASS = YES_ERROR;
				CLANG_WARN_UNREACHABLE_CODE = YES;
				CLANG_WARN__DUPLICATE_METHOD_MATCH = YES;
				"CODE_SIGN_IDENTITY[sdk=iphoneos*]" = "iPhone Developer";
				COPY_PHASE_STRIP = NO;
				DEBUG_INFORMATION_FORMAT = "dwarf-with-dsym";
				ENABLE_NS_ASSERTIONS = NO;
				ENABLE_STRICT_OBJC_MSGSEND = YES;
				GCC_C_LANGUAGE_STANDARD = gnu99;
				GCC_NO_COMMON_BLOCKS = YES;
				GCC_WARN_64_TO_32_BIT_CONVERSION = YES;
				GCC_WARN_ABOUT_RETURN_TYPE = YES_ERROR;
				GCC_WARN_UNDECLARED_SELECTOR = YES;
				GCC_WARN_UNINITIALIZED_AUTOS = YES_AGGRESSIVE;
				GCC_WARN_UNUSED_FUNCTION = YES;
				GCC_WARN_UNUSED_VARIABLE = YES;
				IPHONEOS_DEPLOYMENT_TARGET = 8.3;
				MTL_ENABLE_DEBUG_INFO = NO;
				SDKROOT = iphoneos;
				TARGETED_DEVICE_FAMILY = "1,2";
				VALIDATE_PRODUCT = YES;
			};
			name = Release;
		};
		B49F080A1B036F7300FB9ED5 /* Debug */ = {
			isa = XCBuildConfiguration;
			buildSettings = {
				ASSETCATALOG_COMPILER_APPICON_NAME = AppIcon;
				CODE_SIGN_IDENTITY = "iPhone Developer: Lai LyuJhen (7RFR6J3RK5)";
				"CODE_SIGN_IDENTITY[sdk=iphoneos*]" = "iPhone Developer";
				GCC_PRECOMPILE_PREFIX_HEADER = YES;
				GCC_PREFIX_HEADER = "$(SRCROOT)/TCSPhonics_ios/TCSPhonicsHeader.pch";
				INFOPLIST_FILE = TCSPhonics_ios/Info.plist;
				IPHONEOS_DEPLOYMENT_TARGET = 8.0;
				LD_RUNPATH_SEARCH_PATHS = "$(inherited) @executable_path/Frameworks";
				PRODUCT_NAME = "$(TARGET_NAME)";
				PROVISIONING_PROFILE = "bcf73d9d-d0b7-4f4a-a89a-6cbb64065045";
				TARGETED_DEVICE_FAMILY = "1,2";
			};
			name = Debug;
		};
		B49F080B1B036F7300FB9ED5 /* Release */ = {
			isa = XCBuildConfiguration;
			buildSettings = {
				ASSETCATALOG_COMPILER_APPICON_NAME = AppIcon;
				CODE_SIGN_IDENTITY = "iPhone Developer: Lai LyuJhen (7RFR6J3RK5)";
				"CODE_SIGN_IDENTITY[sdk=iphoneos*]" = "iPhone Developer";
				GCC_PRECOMPILE_PREFIX_HEADER = YES;
				GCC_PREFIX_HEADER = "$(SRCROOT)/TCSPhonics_ios/TCSPhonicsHeader.pch";
				INFOPLIST_FILE = TCSPhonics_ios/Info.plist;
				IPHONEOS_DEPLOYMENT_TARGET = 8.0;
				LD_RUNPATH_SEARCH_PATHS = "$(inherited) @executable_path/Frameworks";
				PRODUCT_NAME = "$(TARGET_NAME)";
				PROVISIONING_PROFILE = "bcf73d9d-d0b7-4f4a-a89a-6cbb64065045";
				TARGETED_DEVICE_FAMILY = "1,2";
			};
			name = Release;
		};
		B49F080D1B036F7300FB9ED5 /* Debug */ = {
			isa = XCBuildConfiguration;
			buildSettings = {
				BUNDLE_LOADER = "$(TEST_HOST)";
				FRAMEWORK_SEARCH_PATHS = (
					"$(SDKROOT)/Developer/Library/Frameworks",
					"$(inherited)",
				);
				GCC_PREPROCESSOR_DEFINITIONS = (
					"DEBUG=1",
					"$(inherited)",
				);
				INFOPLIST_FILE = TCSPhonics_iosTests/Info.plist;
				LD_RUNPATH_SEARCH_PATHS = "$(inherited) @executable_path/Frameworks @loader_path/Frameworks";
				PRODUCT_NAME = "$(TARGET_NAME)";
				TEST_HOST = "$(BUILT_PRODUCTS_DIR)/TCSPhonics_ios.app/TCSPhonics_ios";
			};
			name = Debug;
		};
		B49F080E1B036F7300FB9ED5 /* Release */ = {
			isa = XCBuildConfiguration;
			buildSettings = {
				BUNDLE_LOADER = "$(TEST_HOST)";
				FRAMEWORK_SEARCH_PATHS = (
					"$(SDKROOT)/Developer/Library/Frameworks",
					"$(inherited)",
				);
				INFOPLIST_FILE = TCSPhonics_iosTests/Info.plist;
				LD_RUNPATH_SEARCH_PATHS = "$(inherited) @executable_path/Frameworks @loader_path/Frameworks";
				PRODUCT_NAME = "$(TARGET_NAME)";
				TEST_HOST = "$(BUILT_PRODUCTS_DIR)/TCSPhonics_ios.app/TCSPhonics_ios";
			};
			name = Release;
		};
/* End XCBuildConfiguration section */

/* Begin XCConfigurationList section */
		B49F07E11B036F7300FB9ED5 /* Build configuration list for PBXProject "TCSPhonics_ios" */ = {
			isa = XCConfigurationList;
			buildConfigurations = (
				B49F08071B036F7300FB9ED5 /* Debug */,
				B49F08081B036F7300FB9ED5 /* Release */,
			);
			defaultConfigurationIsVisible = 0;
			defaultConfigurationName = Release;
		};
		B49F08091B036F7300FB9ED5 /* Build configuration list for PBXNativeTarget "TCSPhonics_ios" */ = {
			isa = XCConfigurationList;
			buildConfigurations = (
				B49F080A1B036F7300FB9ED5 /* Debug */,
				B49F080B1B036F7300FB9ED5 /* Release */,
			);
			defaultConfigurationIsVisible = 0;
			defaultConfigurationName = Release;
		};
		B49F080C1B036F7300FB9ED5 /* Build configuration list for PBXNativeTarget "TCSPhonics_iosTests" */ = {
			isa = XCConfigurationList;
			buildConfigurations = (
				B49F080D1B036F7300FB9ED5 /* Debug */,
				B49F080E1B036F7300FB9ED5 /* Release */,
			);
			defaultConfigurationIsVisible = 0;
			defaultConfigurationName = Release;
		};
/* End XCConfigurationList section */
	};
	rootObject = B49F07DE1B036F7300FB9ED5 /* Project object */;
}
